
Microsoft Visual Studio Solution File, Format Version 12.00
# Visual Studio 15
VisualStudioVersion = 15.0.27004.2002
MinimumVisualStudioVersion = 10.0.40219.1
Project("{FAE04EC0-301F-11D3-BF4B-00C04F79EFBC}") = "Functional", "Functional\Functional.csproj", "{C61F4A8C-D34C-43B3-8AA6-C6F9F12D48A8}"
EndProject
Project("{FAE04EC0-301F-11D3-BF4B-00C04F79EFBC}") = "FunctionalTests", "FunctionalTests\FunctionalTests.csproj", "{2397AB7C-C8D1-40B3-8ACD-2A85757AD1C0}"
EndProject
Global
	GlobalSection(SolutionConfigurationPlatforms) = preSolution
		Debug|Any CPU = Debug|Any CPU
		Release|Any CPU = Release|Any CPU
	EndGlobalSection
	GlobalSection(ProjectConfigurationPlatforms) = postSolution
		{C61F4A8C-D34C-43B3-8AA6-C6F9F12D48A8}.Debug|Any CPU.ActiveCfg = Debug|Any CPU
		{C61F4A8C-D34C-43B3-8AA6-C6F9F12D48A8}.Debug|Any CPU.Build.0 = Debug|Any CPU
		{C61F4A8C-D34C-43B3-8AA6-C6F9F12D48A8}.Release|Any CPU.ActiveCfg = Release|Any CPU
		{C61F4A8C-D34C-43B3-8AA6-C6F9F12D48A8}.Release|Any CPU.Build.0 = Release|Any CPU
		{2397AB7C-C8D1-40B3-8ACD-2A85757AD1C0}.Debug|Any CPU.ActiveCfg = Debug|Any CPU
		{2397AB7C-C8D1-40B3-8ACD-2A85757AD1C0}.Debug|Any CPU.Build.0 = Debug|Any CPU
		{2397AB7C-C8D1-40B3-8ACD-2A85757AD1C0}.Release|Any CPU.ActiveCfg = Release|Any CPU
		{2397AB7C-C8D1-40B3-8ACD-2A85757AD1C0}.Release|Any CPU.Build.0 = Release|Any CPU
	EndGlobalSection
	GlobalSection(SolutionProperties) = preSolution
		HideSolutionNode = FALSE
	EndGlobalSection
	GlobalSection(ExtensibilityGlobals) = postSolution
		SolutionGuid = {A9134AE2-F1E8-4C78-9682-FBDC36943D7A}
	EndGlobalSection
EndGlobal
